
Microsoft Visual Studio Solution File, Format Version 12.00
# Visual Studio Version 17
VisualStudioVersion = 17.9.34728.123
MinimumVisualStudioVersion = 10.0.40219.1
Project("{E24C65DC-7377-472B-9ABA-BC803B73C61A}") = "jsflashcards", ".", "{3F92669E-2573-482C-BC2C-0998D381582A}"
	ProjectSection(WebsiteProperties) = preProject
		TargetFrameworkMoniker = ".NETFramework,Version%3Dv4.8"
		Debug.AspNetCompiler.VirtualPath = "/localhost_62264"
		Debug.AspNetCompiler.PhysicalPath = "..\jsflashcards\"
		Debug.AspNetCompiler.TargetPath = "PrecompiledWeb\localhost_62264\"
		Debug.AspNetCompiler.Updateable = "true"
		Debug.AspNetCompiler.ForceOverwrite = "true"
		Debug.AspNetCompiler.FixedNames = "false"
		Debug.AspNetCompiler.Debug = "True"
		Release.AspNetCompiler.VirtualPath = "/localhost_62264"
		Release.AspNetCompiler.PhysicalPath = "..\jsflashcards\"
		Release.AspNetCompiler.TargetPath = "PrecompiledWeb\localhost_62264\"
		Release.AspNetCompiler.Updateable = "true"
		Release.AspNetCompiler.ForceOverwrite = "true"
		Release.AspNetCompiler.FixedNames = "false"
		Release.AspNetCompiler.Debug = "False"
		VWDPort = "62264"
		SlnRelativePath = "..\jsflashcards\"
	EndProjectSection
EndProject
Global
	GlobalSection(SolutionConfigurationPlatforms) = preSolution
		Debug|Any CPU = Debug|Any CPU
	EndGlobalSection
	GlobalSection(ProjectConfigurationPlatforms) = postSolution
		{3F92669E-2573-482C-BC2C-0998D381582A}.Debug|Any CPU.ActiveCfg = Debug|Any CPU
		{3F92669E-2573-482C-BC2C-0998D381582A}.Debug|Any CPU.Build.0 = Debug|Any CPU
	EndGlobalSection
	GlobalSection(SolutionProperties) = preSolution
		HideSolutionNode = FALSE
	EndGlobalSection
	GlobalSection(ExtensibilityGlobals) = postSolution
		SolutionGuid = {B0320478-5CF2-4F9F-95F8-C63AD317A524}
	EndGlobalSection
EndGlobal
